
Microsoft Visual Studio Solution File, Format Version 12.00
# Visual Studio 15
VisualStudioVersion = 15.0.27428.2027
MinimumVisualStudioVersion = 10.0.40219.1
Project("{FAE04EC0-301F-11D3-BF4B-00C04F79EFBC}") = "Laboratorio 8", "Laboratorio 8\Laboratorio 8.csproj", "{725B791C-8D25-4073-9B25-04DDD7B94E45}"
EndProject
Global
	GlobalSection(SolutionConfigurationPlatforms) = preSolution
		Debug|Any CPU = Debug|Any CPU
		Release|Any CPU = Release|Any CPU
	EndGlobalSection
	GlobalSection(ProjectConfigurationPlatforms) = postSolution
		{725B791C-8D25-4073-9B25-04DDD7B94E45}.Debug|Any CPU.ActiveCfg = Debug|Any CPU
		{725B791C-8D25-4073-9B25-04DDD7B94E45}.Debug|Any CPU.Build.0 = Debug|Any CPU
		{725B791C-8D25-4073-9B25-04DDD7B94E45}.Release|Any CPU.ActiveCfg = Release|Any CPU
		{725B791C-8D25-4073-9B25-04DDD7B94E45}.Release|Any CPU.Build.0 = Release|Any CPU
	EndGlobalSection
	GlobalSection(SolutionProperties) = preSolution
		HideSolutionNode = FALSE
	EndGlobalSection
	GlobalSection(ExtensibilityGlobals) = postSolution
		SolutionGuid = {B6A93FBD-CA67-4D0A-8B37-2FBA51621FF9}
	EndGlobalSection
EndGlobal
